// !$*UTF8*$!
{
	archiveVersion = 1;
	classes = {
	};
	objectVersion = 56;
	objects = {

/* Begin PBXBuildFile section */
		4138DE052AAF9CAD00D89312 /* eventlogger_natteravneneApp.swift in Sources */ = {isa = PBXBuildFile; fileRef = 4138DE042AAF9CAD00D89312 /* eventlogger_natteravneneApp.swift */; };
		4138DE092AAF9CAE00D89312 /* Assets.xcassets in Resources */ = {isa = PBXBuildFile; fileRef = 4138DE082AAF9CAE00D89312 /* Assets.xcassets */; };
		4138DE0C2AAF9CAE00D89312 /* Preview Assets.xcassets in Resources */ = {isa = PBXBuildFile; fileRef = 4138DE0B2AAF9CAE00D89312 /* Preview Assets.xcassets */; };
		4138DE172AAFA05000D89312 /* FirebaseDatabase in Frameworks */ = {isa = PBXBuildFile; productRef = 4138DE162AAFA05000D89312 /* FirebaseDatabase */; };
		4138DE192AAFA05000D89312 /* FirebaseDatabaseSwift in Frameworks */ = {isa = PBXBuildFile; productRef = 4138DE182AAFA05000D89312 /* FirebaseDatabaseSwift */; };
		41AC31672AAFAB980093F7B1 /* ReportViewModel.swift in Sources */ = {isa = PBXBuildFile; fileRef = 41AC31662AAFAB980093F7B1 /* ReportViewModel.swift */; };
		41AC31692AAFABED0093F7B1 /* ReportView.swift in Sources */ = {isa = PBXBuildFile; fileRef = 41AC31682AAFABED0093F7B1 /* ReportView.swift */; };
		41AC316B2AAFAC250093F7B1 /* HeaderView.swift in Sources */ = {isa = PBXBuildFile; fileRef = 41AC316A2AAFAC250093F7B1 /* HeaderView.swift */; };
		41AC316D2AAFAC560093F7B1 /* LogInView.swift in Sources */ = {isa = PBXBuildFile; fileRef = 41AC316C2AAFAC560093F7B1 /* LogInView.swift */; };
		41AC316F2AAFAC810093F7B1 /* NumberInputView.swift in Sources */ = {isa = PBXBuildFile; fileRef = 41AC316E2AAFAC810093F7B1 /* NumberInputView.swift */; };
		41AC31712AAFACB00093F7B1 /* TextEditorView.swift in Sources */ = {isa = PBXBuildFile; fileRef = 41AC31702AAFACB00093F7B1 /* TextEditorView.swift */; };
		41AC31732AAFACF10093F7B1 /* Report.swift in Sources */ = {isa = PBXBuildFile; fileRef = 41AC31722AAFACF10093F7B1 /* Report.swift */; };
		41AC31782AAFAD700093F7B1 /* GoogleService-Info.plist in Resources */ = {isa = PBXBuildFile; fileRef = 41AC31772AAFAD700093F7B1 /* GoogleService-Info.plist */; };
/* End PBXBuildFile section */

/* Begin PBXFileReference section */
		4138DE012AAF9CAD00D89312 /* eventlogger-natteravnene.app */ = {isa = PBXFileReference; explicitFileType = wrapper.application; includeInIndex = 0; path = "eventlogger-natteravnene.app"; sourceTree = BUILT_PRODUCTS_DIR; };
		4138DE042AAF9CAD00D89312 /* eventlogger_natteravneneApp.swift */ = {isa = PBXFileReference; lastKnownFileType = sourcecode.swift; path = eventlogger_natteravneneApp.swift; sourceTree = "<group>"; };
		4138DE082AAF9CAE00D89312 /* Assets.xcassets */ = {isa = PBXFileReference; lastKnownFileType = folder.assetcatalog; path = Assets.xcassets; sourceTree = "<group>"; };
		4138DE0B2AAF9CAE00D89312 /* Preview Assets.xcassets */ = {isa = PBXFileReference; lastKnownFileType = folder.assetcatalog; path = "Preview Assets.xcassets"; sourceTree = "<group>"; };
		41AC31662AAFAB980093F7B1 /* ReportViewModel.swift */ = {isa = PBXFileReference; lastKnownFileType = sourcecode.swift; path = ReportViewModel.swift; sourceTree = "<group>"; };
		41AC31682AAFABED0093F7B1 /* ReportView.swift */ = {isa = PBXFileReference; lastKnownFileType = sourcecode.swift; path = ReportView.swift; sourceTree = "<group>"; };
		41AC316A2AAFAC250093F7B1 /* HeaderView.swift */ = {isa = PBXFileReference; lastKnownFileType = sourcecode.swift; path = HeaderView.swift; sourceTree = "<group>"; };
		41AC316C2AAFAC560093F7B1 /* LogInView.swift */ = {isa = PBXFileReference; lastKnownFileType = sourcecode.swift; path = LogInView.swift; sourceTree = "<group>"; };
		41AC316E2AAFAC810093F7B1 /* NumberInputView.swift */ = {isa = PBXFileReference; lastKnownFileType = sourcecode.swift; path = NumberInputView.swift; sourceTree = "<group>"; };
		41AC31702AAFACB00093F7B1 /* TextEditorView.swift */ = {isa = PBXFileReference; lastKnownFileType = sourcecode.swift; path = TextEditorView.swift; sourceTree = "<group>"; };
		41AC31722AAFACF10093F7B1 /* Report.swift */ = {isa = PBXFileReference; lastKnownFileType = sourcecode.swift; path = Report.swift; sourceTree = "<group>"; };
		41AC31752AAFAD3D0093F7B1 /* GoogleService-Info.plist */ = {isa = PBXFileReference; lastKnownFileType = text.plist.xml; path = "GoogleService-Info.plist"; sourceTree = "<group>"; };
		41AC31772AAFAD700093F7B1 /* GoogleService-Info.plist */ = {isa = PBXFileReference; fileEncoding = 4; lastKnownFileType = text.plist.xml; name = "GoogleService-Info.plist"; path = "../../../../.Trash/GoogleService-Info.plist"; sourceTree = "<group>"; };
/* End PBXFileReference section */

/* Begin PBXFrameworksBuildPhase section */
		4138DDFE2AAF9CAD00D89312 /* Frameworks */ = {
			isa = PBXFrameworksBuildPhase;
			buildActionMask = 2147483647;
			files = (
				4138DE192AAFA05000D89312 /* FirebaseDatabaseSwift in Frameworks */,
				4138DE172AAFA05000D89312 /* FirebaseDatabase in Frameworks */,
			);
			runOnlyForDeploymentPostprocessing = 0;
		};
/* End PBXFrameworksBuildPhase section */

/* Begin PBXGroup section */
		4138DDF82AAF9CAD00D89312 = {
			isa = PBXGroup;
			children = (
				4138DE032AAF9CAD00D89312 /* eventlogger-natteravnene */,
				4138DE022AAF9CAD00D89312 /* Products */,
			);
			sourceTree = "<group>";
		};
		4138DE022AAF9CAD00D89312 /* Products */ = {
			isa = PBXGroup;
			children = (
				4138DE012AAF9CAD00D89312 /* eventlogger-natteravnene.app */,
			);
			name = Products;
			sourceTree = "<group>";
		};
		4138DE032AAF9CAD00D89312 /* eventlogger-natteravnene */ = {
			isa = PBXGroup;
			children = (
				41AC31742AAFAD340093F7B1 /* Other */,
				4138DE1C2AAFA1B800D89312 /* ViewModel */,
				4138DE1B2AAFA19800D89312 /* Views */,
				4138DE1A2AAFA18800D89312 /* Model */,
				4138DE0A2AAF9CAE00D89312 /* Preview Content */,
			);
			path = "eventlogger-natteravnene";
			sourceTree = "<group>";
		};
		4138DE0A2AAF9CAE00D89312 /* Preview Content */ = {
			isa = PBXGroup;
			children = (
				4138DE0B2AAF9CAE00D89312 /* Preview Assets.xcassets */,
			);
			path = "Preview Content";
			sourceTree = "<group>";
		};
		4138DE1A2AAFA18800D89312 /* Model */ = {
			isa = PBXGroup;
			children = (
				41AC31722AAFACF10093F7B1 /* Report.swift */,
			);
			path = Model;
			sourceTree = "<group>";
		};
		4138DE1B2AAFA19800D89312 /* Views */ = {
			isa = PBXGroup;
			children = (
				41AC31682AAFABED0093F7B1 /* ReportView.swift */,
				41AC316A2AAFAC250093F7B1 /* HeaderView.swift */,
				41AC316C2AAFAC560093F7B1 /* LogInView.swift */,
				41AC316E2AAFAC810093F7B1 /* NumberInputView.swift */,
				41AC31702AAFACB00093F7B1 /* TextEditorView.swift */,
			);
			path = Views;
			sourceTree = "<group>";
		};
		4138DE1C2AAFA1B800D89312 /* ViewModel */ = {
			isa = PBXGroup;
			children = (
				41AC31662AAFAB980093F7B1 /* ReportViewModel.swift */,
			);
			path = ViewModel;
			sourceTree = "<group>";
		};
		41AC31742AAFAD340093F7B1 /* Other */ = {
			isa = PBXGroup;
			children = (
				41AC31772AAFAD700093F7B1 /* GoogleService-Info.plist */,
				4138DE042AAF9CAD00D89312 /* eventlogger_natteravneneApp.swift */,
				4138DE082AAF9CAE00D89312 /* Assets.xcassets */,
				41AC31752AAFAD3D0093F7B1 /* GoogleService-Info.plist */,
			);
			path = Other;
			sourceTree = "<group>";
		};
/* End PBXGroup section */

/* Begin PBXNativeTarget section */
		4138DE002AAF9CAD00D89312 /* eventlogger-natteravnene */ = {
			isa = PBXNativeTarget;
			buildConfigurationList = 4138DE0F2AAF9CAE00D89312 /* Build configuration list for PBXNativeTarget "eventlogger-natteravnene" */;
			buildPhases = (
				4138DDFD2AAF9CAD00D89312 /* Sources */,
				4138DDFE2AAF9CAD00D89312 /* Frameworks */,
				4138DDFF2AAF9CAD00D89312 /* Resources */,
			);
			buildRules = (
			);
			dependencies = (
			);
			name = "eventlogger-natteravnene";
			packageProductDependencies = (
				4138DE162AAFA05000D89312 /* FirebaseDatabase */,
				4138DE182AAFA05000D89312 /* FirebaseDatabaseSwift */,
			);
			productName = "eventlogger-natteravnene";
			productReference = 4138DE012AAF9CAD00D89312 /* eventlogger-natteravnene.app */;
			productType = "com.apple.product-type.application";
		};
/* End PBXNativeTarget section */

/* Begin PBXProject section */
		4138DDF92AAF9CAD00D89312 /* Project object */ = {
			isa = PBXProject;
			attributes = {
				BuildIndependentTargetsInParallel = 1;
				LastSwiftUpdateCheck = 1420;
				LastUpgradeCheck = 1420;
				TargetAttributes = {
					4138DE002AAF9CAD00D89312 = {
						CreatedOnToolsVersion = 14.2;
					};
				};
			};
			buildConfigurationList = 4138DDFC2AAF9CAD00D89312 /* Build configuration list for PBXProject "eventlogger-natteravnene" */;
			compatibilityVersion = "Xcode 14.0";
			developmentRegion = en;
			hasScannedForEncodings = 0;
			knownRegions = (
				en,
				Base,
			);
			mainGroup = 4138DDF82AAF9CAD00D89312;
			packageReferences = (
				4138DE152AAFA05000D89312 /* XCRemoteSwiftPackageReference "firebase-ios-sdk" */,
			);
			productRefGroup = 4138DE022AAF9CAD00D89312 /* Products */;
			projectDirPath = "";
			projectRoot = "";
			targets = (
				4138DE002AAF9CAD00D89312 /* eventlogger-natteravnene */,
			);
		};
/* End PBXProject section */

/* Begin PBXResourcesBuildPhase section */
		4138DDFF2AAF9CAD00D89312 /* Resources */ = {
			isa = PBXResourcesBuildPhase;
			buildActionMask = 2147483647;
			files = (
				4138DE0C2AAF9CAE00D89312 /* Preview Assets.xcassets in Resources */,
				4138DE092AAF9CAE00D89312 /* Assets.xcassets in Resources */,
				41AC31782AAFAD700093F7B1 /* GoogleService-Info.plist in Resources */,
			);
			runOnlyForDeploymentPostprocessing = 0;
		};
/* End PBXResourcesBuildPhase section */

/* Begin PBXSourcesBuildPhase section */
		4138DDFD2AAF9CAD00D89312 /* Sources */ = {
			isa = PBXSourcesBuildPhase;
			buildActionMask = 2147483647;
			files = (
				41AC316D2AAFAC560093F7B1 /* LogInView.swift in Sources */,
				41AC31732AAFACF10093F7B1 /* Report.swift in Sources */,
				4138DE052AAF9CAD00D89312 /* eventlogger_natteravneneApp.swift in Sources */,
				41AC31672AAFAB980093F7B1 /* ReportViewModel.swift in Sources */,
				41AC316F2AAFAC810093F7B1 /* NumberInputView.swift in Sources */,
				41AC316B2AAFAC250093F7B1 /* HeaderView.swift in Sources */,
				41AC31712AAFACB00093F7B1 /* TextEditorView.swift in Sources */,
				41AC31692AAFABED0093F7B1 /* ReportView.swift in Sources */,
			);
			runOnlyForDeploymentPostprocessing = 0;
		};
/* End PBXSourcesBuildPhase section */

/* Begin XCBuildConfiguration section */
		4138DE0D2AAF9CAE00D89312 /* Debug */ = {
			isa = XCBuildConfiguration;
			buildSettings = {
				ALWAYS_SEARCH_USER_PATHS = NO;
				CLANG_ANALYZER_NONNULL = YES;
				CLANG_ANALYZER_NUMBER_OBJECT_CONVERSION = YES_AGGRESSIVE;
				CLANG_CXX_LANGUAGE_STANDARD = "gnu++20";
				CLANG_ENABLE_MODULES = YES;
				CLANG_ENABLE_OBJC_ARC = YES;
				CLANG_ENABLE_OBJC_WEAK = YES;
				CLANG_WARN_BLOCK_CAPTURE_AUTORELEASING = YES;
				CLANG_WARN_BOOL_CONVERSION = YES;
				CLANG_WARN_COMMA = YES;
				CLANG_WARN_CONSTANT_CONVERSION = YES;
				CLANG_WARN_DEPRECATED_OBJC_IMPLEMENTATIONS = YES;
				CLANG_WARN_DIRECT_OBJC_ISA_USAGE = YES_ERROR;
				CLANG_WARN_DOCUMENTATION_COMMENTS = YES;
				CLANG_WARN_EMPTY_BODY = YES;
				CLANG_WARN_ENUM_CONVERSION = YES;
				CLANG_WARN_INFINITE_RECURSION = YES;
				CLANG_WARN_INT_CONVERSION = YES;
				CLANG_WARN_NON_LITERAL_NULL_CONVERSION = YES;
				CLANG_WARN_OBJC_IMPLICIT_RETAIN_SELF = YES;
				CLANG_WARN_OBJC_LITERAL_CONVERSION = YES;
				CLANG_WARN_OBJC_ROOT_CLASS = YES_ERROR;
				CLANG_WARN_QUOTED_INCLUDE_IN_FRAMEWORK_HEADER = YES;
				CLANG_WARN_RANGE_LOOP_ANALYSIS = YES;
				CLANG_WARN_STRICT_PROTOTYPES = YES;
				CLANG_WARN_SUSPICIOUS_MOVE = YES;
				CLANG_WARN_UNGUARDED_AVAILABILITY = YES_AGGRESSIVE;
				CLANG_WARN_UNREACHABLE_CODE = YES;
				CLANG_WARN__DUPLICATE_METHOD_MATCH = YES;
				COPY_PHASE_STRIP = NO;
				DEBUG_INFORMATION_FORMAT = dwarf;
				ENABLE_STRICT_OBJC_MSGSEND = YES;
				ENABLE_TESTABILITY = YES;
				GCC_C_LANGUAGE_STANDARD = gnu11;
				GCC_DYNAMIC_NO_PIC = NO;
				GCC_NO_COMMON_BLOCKS = YES;
				GCC_OPTIMIZATION_LEVEL = 0;
				GCC_PREPROCESSOR_DEFINITIONS = (
					"DEBUG=1",
					"$(inherited)",
				);
				GCC_WARN_64_TO_32_BIT_CONVERSION = YES;
				GCC_WARN_ABOUT_RETURN_TYPE = YES_ERROR;
				GCC_WARN_UNDECLARED_SELECTOR = YES;
				GCC_WARN_UNINITIALIZED_AUTOS = YES_AGGRESSIVE;
				GCC_WARN_UNUSED_FUNCTION = YES;
				GCC_WARN_UNUSED_VARIABLE = YES;
				IPHONEOS_DEPLOYMENT_TARGET = 16.2;
				MTL_ENABLE_DEBUG_INFO = INCLUDE_SOURCE;
				MTL_FAST_MATH = YES;
				ONLY_ACTIVE_ARCH = YES;
				SDKROOT = iphoneos;
				SWIFT_ACTIVE_COMPILATION_CONDITIONS = DEBUG;
				SWIFT_OPTIMIZATION_LEVEL = "-Onone";
			};
			name = Debug;
		};
		4138DE0E2AAF9CAE00D89312 /* Release */ = {
			isa = XCBuildConfiguration;
			buildSettings = {
				ALWAYS_SEARCH_USER_PATHS = NO;
				CLANG_ANALYZER_NONNULL = YES;
				CLANG_ANALYZER_NUMBER_OBJECT_CONVERSION = YES_AGGRESSIVE;
				CLANG_CXX_LANGUAGE_STANDARD = "gnu++20";
				CLANG_ENABLE_MODULES = YES;
				CLANG_ENABLE_OBJC_ARC = YES;
				CLANG_ENABLE_OBJC_WEAK = YES;
				CLANG_WARN_BLOCK_CAPTURE_AUTORELEASING = YES;
				CLANG_WARN_BOOL_CONVERSION = YES;
				CLANG_WARN_COMMA = YES;
				CLANG_WARN_CONSTANT_CONVERSION = YES;
				CLANG_WARN_DEPRECATED_OBJC_IMPLEMENTATIONS = YES;
				CLANG_WARN_DIRECT_OBJC_ISA_USAGE = YES_ERROR;
				CLANG_WARN_DOCUMENTATION_COMMENTS = YES;
				CLANG_WARN_EMPTY_BODY = YES;
				CLANG_WARN_ENUM_CONVERSION = YES;
				CLANG_WARN_INFINITE_RECURSION = YES;
				CLANG_WARN_INT_CONVERSION = YES;
				CLANG_WARN_NON_LITERAL_NULL_CONVERSION = YES;
				CLANG_WARN_OBJC_IMPLICIT_RETAIN_SELF = YES;
				CLANG_WARN_OBJC_LITERAL_CONVERSION = YES;
				CLANG_WARN_OBJC_ROOT_CLASS = YES_ERROR;
				CLANG_WARN_QUOTED_INCLUDE_IN_FRAMEWORK_HEADER = YES;
				CLANG_WARN_RANGE_LOOP_ANALYSIS = YES;
				CLANG_WARN_STRICT_PROTOTYPES = YES;
				CLANG_WARN_SUSPICIOUS_MOVE = YES;
				CLANG_WARN_UNGUARDED_AVAILABILITY = YES_AGGRESSIVE;
				CLANG_WARN_UNREACHABLE_CODE = YES;
				CLANG_WARN__DUPLICATE_METHOD_MATCH = YES;
				COPY_PHASE_STRIP = NO;
				DEBUG_INFORMATION_FORMAT = "dwarf-with-dsym";
				ENABLE_NS_ASSERTIONS = NO;
				ENABLE_STRICT_OBJC_MSGSEND = YES;
				GCC_C_LANGUAGE_STANDARD = gnu11;
				GCC_NO_COMMON_BLOCKS = YES;
				GCC_WARN_64_TO_32_BIT_CONVERSION = YES;
				GCC_WARN_ABOUT_RETURN_TYPE = YES_ERROR;
				GCC_WARN_UNDECLARED_SELECTOR = YES;
				GCC_WARN_UNINITIALIZED_AUTOS = YES_AGGRESSIVE;
				GCC_WARN_UNUSED_FUNCTION = YES;
				GCC_WARN_UNUSED_VARIABLE = YES;
				IPHONEOS_DEPLOYMENT_TARGET = 16.2;
				MTL_ENABLE_DEBUG_INFO = NO;
				MTL_FAST_MATH = YES;
				SDKROOT = iphoneos;
				SWIFT_COMPILATION_MODE = wholemodule;
				SWIFT_OPTIMIZATION_LEVEL = "-O";
				VALIDATE_PRODUCT = YES;
			};
			name = Release;
		};
		4138DE102AAF9CAE00D89312 /* Debug */ = {
			isa = XCBuildConfiguration;
			buildSettings = {
				ASSETCATALOG_COMPILER_APPICON_NAME = AppIcon;
				ASSETCATALOG_COMPILER_GLOBAL_ACCENT_COLOR_NAME = AccentColor;
				CODE_SIGN_STYLE = Automatic;
				CURRENT_PROJECT_VERSION = 1;
				DEVELOPMENT_ASSET_PATHS = "\"eventlogger-natteravnene/Preview Content\"";
				ENABLE_PREVIEWS = YES;
				GENERATE_INFOPLIST_FILE = YES;
				INFOPLIST_KEY_NSLocationAlwaysAndWhenInUseUsageDescription = "Use of location for reports";
				INFOPLIST_KEY_NSLocationAlwaysUsageDescription = "Use of location for reports";
				INFOPLIST_KEY_UIApplicationSceneManifest_Generation = YES;
				INFOPLIST_KEY_UIApplicationSupportsIndirectInputEvents = YES;
				INFOPLIST_KEY_UILaunchScreen_Generation = YES;
				INFOPLIST_KEY_UISupportedInterfaceOrientations_iPad = "UIInterfaceOrientationPortrait UIInterfaceOrientationPortraitUpsideDown UIInterfaceOrientationLandscapeLeft UIInterfaceOrientationLandscapeRight";
				INFOPLIST_KEY_UISupportedInterfaceOrientations_iPhone = "UIInterfaceOrientationPortrait UIInterfaceOrientationLandscapeLeft UIInterfaceOrientationLandscapeRight";
				LD_RUNPATH_SEARCH_PATHS = (
					"$(inherited)",
					"@executable_path/Frameworks",
				);
				MARKETING_VERSION = 1.0;
				PRODUCT_BUNDLE_IDENTIFIER = "com.lstubdal.eventlogger-natteravnene";
				PRODUCT_NAME = "$(TARGET_NAME)";
				SWIFT_EMIT_LOC_STRINGS = YES;
				SWIFT_VERSION = 5.0;
				TARGETED_DEVICE_FAMILY = "1,2";
			};
			name = Debug;
		};
		4138DE112AAF9CAE00D89312 /* Release */ = {
			isa = XCBuildConfiguration;
			buildSettings = {
				ASSETCATALOG_COMPILER_APPICON_NAME = AppIcon;
				ASSETCATALOG_COMPILER_GLOBAL_ACCENT_COLOR_NAME = AccentColor;
				CODE_SIGN_STYLE = Automatic;
				CURRENT_PROJECT_VERSION = 1;
				DEVELOPMENT_ASSET_PATHS = "\"eventlogger-natteravnene/Preview Content\"";
				ENABLE_PREVIEWS = YES;
				GENERATE_INFOPLIST_FILE = YES;
				INFOPLIST_KEY_NSLocationAlwaysAndWhenInUseUsageDescription = "Use of location for reports";
				INFOPLIST_KEY_NSLocationAlwaysUsageDescription = "Use of location for reports";
				INFOPLIST_KEY_UIApplicationSceneManifest_Generation = YES;
				INFOPLIST_KEY_UIApplicationSupportsIndirectInputEvents = YES;
				INFOPLIST_KEY_UILaunchScreen_Generation = YES;
				INFOPLIST_KEY_UISupportedInterfaceOrientations_iPad = "UIInterfaceOrientationPortrait UIInterfaceOrientationPortraitUpsideDown UIInterfaceOrientationLandscapeLeft UIInterfaceOrientationLandscapeRight";
				INFOPLIST_KEY_UISupportedInterfaceOrientations_iPhone = "UIInterfaceOrientationPortrait UIInterfaceOrientationLandscapeLeft UIInterfaceOrientationLandscapeRight";
				LD_RUNPATH_SEARCH_PATHS = (
					"$(inherited)",
					"@executable_path/Frameworks",
				);
				MARKETING_VERSION = 1.0;
				PRODUCT_BUNDLE_IDENTIFIER = "com.lstubdal.eventlogger-natteravnene";
				PRODUCT_NAME = "$(TARGET_NAME)";
				SWIFT_EMIT_LOC_STRINGS = YES;
				SWIFT_VERSION = 5.0;
				TARGETED_DEVICE_FAMILY = "1,2";
			};
			name = Release;
		};
/* End XCBuildConfiguration section */

/* Begin XCConfigurationList section */
		4138DDFC2AAF9CAD00D89312 /* Build configuration list for PBXProject "eventlogger-natteravnene" */ = {
			isa = XCConfigurationList;
			buildConfigurations = (
				4138DE0D2AAF9CAE00D89312 /* Debug */,
				4138DE0E2AAF9CAE00D89312 /* Release */,
			);
			defaultConfigurationIsVisible = 0;
			defaultConfigurationName = Release;
		};
		4138DE0F2AAF9CAE00D89312 /* Build configuration list for PBXNativeTarget "eventlogger-natteravnene" */ = {
			isa = XCConfigurationList;
			buildConfigurations = (
				4138DE102AAF9CAE00D89312 /* Debug */,
				4138DE112AAF9CAE00D89312 /* Release */,
			);
			defaultConfigurationIsVisible = 0;
			defaultConfigurationName = Release;
		};
/* End XCConfigurationList section */

/* Begin XCRemoteSwiftPackageReference section */
		4138DE152AAFA05000D89312 /* XCRemoteSwiftPackageReference "firebase-ios-sdk" */ = {
			isa = XCRemoteSwiftPackageReference;
			repositoryURL = "https://github.com/firebase/firebase-ios-sdk";
			requirement = {
				kind = upToNextMajorVersion;
				minimumVersion = 9.0.0;
			};
		};
/* End XCRemoteSwiftPackageReference section */

/* Begin XCSwiftPackageProductDependency section */
		4138DE162AAFA05000D89312 /* FirebaseDatabase */ = {
			isa = XCSwiftPackageProductDependency;
			package = 4138DE152AAFA05000D89312 /* XCRemoteSwiftPackageReference "firebase-ios-sdk" */;
			productName = FirebaseDatabase;
		};
		4138DE182AAFA05000D89312 /* FirebaseDatabaseSwift */ = {
			isa = XCSwiftPackageProductDependency;
			package = 4138DE152AAFA05000D89312 /* XCRemoteSwiftPackageReference "firebase-ios-sdk" */;
			productName = FirebaseDatabaseSwift;
		};
/* End XCSwiftPackageProductDependency section */
	};
	rootObject = 4138DDF92AAF9CAD00D89312 /* Project object */;
}
